
Microsoft Visual Studio Solution File, Format Version 11.00
# Visual Studio 2010
Project("{FAE04EC0-301F-11D3-BF4B-00C04F79EFBC}") = "ixts.Ausbildung.Compression", "ixts.Ausbildung.Compression\ixts.Ausbildung.Compression.csproj", "{5D42E2DE-F5EE-426F-87B0-55C10228B579}"
EndProject
Project("{2150E333-8FDC-42A3-9474-1A3956D46DE8}") = "Solution Items", "Solution Items", "{A75797FF-0433-4D29-858A-E626F68D4054}"
	ProjectSection(SolutionItems) = preProject
		ixts.Ausbildung.vsmdi = ixts.Ausbildung.vsmdi
		TraceAndTestImpact.testsettings = TraceAndTestImpact.testsettings
	EndProjectSection
EndProject
Project("{FAE04EC0-301F-11D3-BF4B-00C04F79EFBC}") = "ixts.Ausbildung.Compression.Test", "ixts.Ausbildung.Compression.Test\ixts.Ausbildung.Compression.Test.csproj", "{E4A3351F-1448-4807-A037-0394B32FC82F}"
EndProject
Project("{FAE04EC0-301F-11D3-BF4B-00C04F79EFBC}") = "ixts.Ausbildung.Compression.ConsoleApp", "ixts.Ausbildung.Compression.ConsoleApp\ixts.Ausbildung.Compression.ConsoleApp.csproj", "{61CCF807-30EF-418C-9470-766FFD0F287A}"
EndProject
Project("{FAE04EC0-301F-11D3-BF4B-00C04F79EFBC}") = "ixts.Ausbildung.Geometry", "ixts.Ausbildung.Geometry\ixts.Ausbildung.Geometry.csproj", "{69B1B42B-DDFD-4603-BEB2-310CF52C73E6}"
EndProject
Project("{FAE04EC0-301F-11D3-BF4B-00C04F79EFBC}") = "ixts.Ausbildung.Geometry.Test", "ixts.Ausbildung.Geometry.Test\ixts.Ausbildung.Geometry.Test.csproj", "{1AF6C596-42F8-4D4B-8DAB-3267CE8A2126}"
EndProject
Project("{FAE04EC0-301F-11D3-BF4B-00C04F79EFBC}") = "ixts.Ausbildung.Geometry.PrinterApp", "ixts.Ausbildung.Geometry.PrinterApp\ixts.Ausbildung.Geometry.PrinterApp.csproj", "{FDD49AEC-1458-45D5-9832-F605846DDA11}"
EndProject
Project("{FAE04EC0-301F-11D3-BF4B-00C04F79EFBC}") = "ixts.Ausbildung.Geometry.PrinterConsole", "ixts.Ausbildung.Geometry.PrinterConsole\ixts.Ausbildung.Geometry.PrinterConsole.csproj", "{F23CFFE3-7E72-48D3-91E4-0DB040627FF2}"
EndProject
Project("{FAE04EC0-301F-11D3-BF4B-00C04F79EFBC}") = "ixts.Ausbildung.Roman", "ixts.Ausbildung.Roman\ixts.Ausbildung.Roman.csproj", "{9E24EF10-3FA9-4C9C-A7CD-1DF1EDBC94CD}"
EndProject
Project("{FAE04EC0-301F-11D3-BF4B-00C04F79EFBC}") = "ixts.Ausbildung.Roman.Test", "ixts.Ausbildung.Roman.Test\ixts.Ausbildung.Roman.Test.csproj", "{4883121E-97CF-4A60-A0E3-E3EB49CD6183}"
EndProject
Project("{FAE04EC0-301F-11D3-BF4B-00C04F79EFBC}") = "ixts.Ausbildung.TextFileLines.ConsoleApp", "ixts.Ausbildung.TextFileLines.ConsoleApp\ixts.Ausbildung.TextFileLines.ConsoleApp.csproj", "{04C2F75F-216B-4DD3-BEB8-F650335DC548}"
EndProject
Project("{FAE04EC0-301F-11D3-BF4B-00C04F79EFBC}") = "ixts.Ausbildung.NameService", "ixts.Ausbildung.NameService\ixts.Ausbildung.NameService.csproj", "{702768A8-CDEC-492B-A3C9-FBC4E5441ADF}"
EndProject
Project("{FAE04EC0-301F-11D3-BF4B-00C04F79EFBC}") = "ixts.Ausbildung.NameService.Test", "ixts.Ausbildung.NameService.Test\ixts.Ausbildung.NameService.Test.csproj", "{E9FE7518-A058-4CDB-9BD0-A6FCD30BC12B}"
EndProject
Project("{FAE04EC0-301F-11D3-BF4B-00C04F79EFBC}") = "ixts.Ausbildung.NameService.ClientApp", "ixts.Ausbildung.NameService.ClientApp\ixts.Ausbildung.NameService.ClientApp.csproj", "{ACA6A75B-3146-4E18-9C85-03E9AE5FDA47}"
EndProject
Project("{FAE04EC0-301F-11D3-BF4B-00C04F79EFBC}") = "ixts.Ausbildung.NameService.ServerApp", "ixts.Ausbildung.NameService.ServerApp\ixts.Ausbildung.NameService.ServerApp.csproj", "{65258741-0D51-4B94-8F9C-394098A97155}"
EndProject
Project("{FAE04EC0-301F-11D3-BF4B-00C04F79EFBC}") = "ixts.Ausbildung.TextFileLines", "ixts.Ausbildung.TextfileLines\ixts.Ausbildung.TextFileLines.csproj", "{080828F4-1887-49D6-85EC-3637E7C242FB}"
EndProject
Project("{FAE04EC0-301F-11D3-BF4B-00C04F79EFBC}") = "ixts.Ausbildung.TextFileLines.Test", "ixts.Ausbildung.TextFileLines.Test\ixts.Ausbildung.TextFileLines.Test.csproj", "{877DDDBD-4893-4F68-8202-0249C8773EDC}"
EndProject
Project("{FAE04EC0-301F-11D3-BF4B-00C04F79EFBC}") = "ixts.Ausbildung.NameService.ServerService", "ists.Ausbildung.NameService.ServerService\ixts.Ausbildung.NameService.ServerService.csproj", "{C31FA4D5-6C6E-42E0-BFA7-DFA4F579F70D}"
EndProject
Project("{FAE04EC0-301F-11D3-BF4B-00C04F79EFBC}") = "ixts.Ausbildung.Primzahlen", "ixts.Ausbildung.Primzahlen\ixts.Ausbildung.Primzahlen.csproj", "{14A399FA-9EFB-418E-BA25-1ADAED94653C}"
EndProject
Project("{FAE04EC0-301F-11D3-BF4B-00C04F79EFBC}") = "ixts.Ausbildung.Primzahlen.Test", "ixts.Ausbildung.Primzahlen.Test\ixts.Ausbildung.Primzahlen.Test.csproj", "{6D0F479D-01D2-4D13-AE36-F87315CFA183}"
EndProject
Project("{FAE04EC0-301F-11D3-BF4B-00C04F79EFBC}") = "ixts.Ausbildung.Primzahlen.ConsoleApp", "ixts.Ausbildung.Primzahlen.ConsoleApp\ixts.Ausbildung.Primzahlen.ConsoleApp.csproj", "{593C0A2A-4DA1-4EE8-9C3C-7733B2AC7526}"
EndProject
Project("{FAE04EC0-301F-11D3-BF4B-00C04F79EFBC}") = "ixts.Ausbildung.Spielkarten", "ixts.Ausbildung.Spielkarten\ixts.Ausbildung.Spielkarten.csproj", "{FDA81B48-A98B-46DF-B4CF-6CB9CEBDE225}"
EndProject
Project("{FAE04EC0-301F-11D3-BF4B-00C04F79EFBC}") = "ixts.Ausbildung.Spielkarten.Test", "ixts.Ausbildung.Spielkarten.Tests\ixts.Ausbildung.Spielkarten.Test.csproj", "{9988804A-B4A0-4182-9292-42FA419AE2DD}"
EndProject
Project("{FAE04EC0-301F-11D3-BF4B-00C04F79EFBC}") = "ixts.Ausbildung.Spielkarten.ConsoleApp", "ixts.Ausbildung.Spielkarten.ConsoleApp\ixts.Ausbildung.Spielkarten.ConsoleApp.csproj", "{5C036BA2-B991-443F-9FEA-79C784CB481F}"
EndProject
Project("{FAE04EC0-301F-11D3-BF4B-00C04F79EFBC}") = "ixts.Ausbildung.Datumsarithmetik", "ixts.Ausbildung.Datumsarithmetik\ixts.Ausbildung.Datumsarithmetik.csproj", "{681D8C9E-1D7E-442F-B296-DEFD21922E9A}"
EndProject
Project("{FAE04EC0-301F-11D3-BF4B-00C04F79EFBC}") = "ixts.Ausbildung.Datumsarithmetik.Test", "ixts.Ausbildung.Datumsarithmetik.Test\ixts.Ausbildung.Datumsarithmetik.Test.csproj", "{2827C4A5-61C6-4F04-A44E-2E167DB0D595}"
EndProject
Project("{FAE04EC0-301F-11D3-BF4B-00C04F79EFBC}") = "ixts.Ausbildung.Datumsarithmetik.ConsoleApp", "ixts.Ausbildung.Datumsarithmetik.ConsoleApp\ixts.Ausbildung.Datumsarithmetik.ConsoleApp.csproj", "{A5649C7E-6338-4CC1-ACDD-355FFB7C2FC0}"
EndProject
Global
	GlobalSection(TestCaseManagementSettings) = postSolution
		CategoryFile = ixts.Ausbildung.vsmdi
	EndGlobalSection
	GlobalSection(SolutionConfigurationPlatforms) = preSolution
		Debug|Any CPU = Debug|Any CPU
		Debug|Mixed Platforms = Debug|Mixed Platforms
		Debug|x86 = Debug|x86
		Release|Any CPU = Release|Any CPU
		Release|Mixed Platforms = Release|Mixed Platforms
		Release|x86 = Release|x86
	EndGlobalSection
	GlobalSection(ProjectConfigurationPlatforms) = postSolution
		{5D42E2DE-F5EE-426F-87B0-55C10228B579}.Debug|Any CPU.ActiveCfg = Debug|Any CPU
		{5D42E2DE-F5EE-426F-87B0-55C10228B579}.Debug|Any CPU.Build.0 = Debug|Any CPU
		{5D42E2DE-F5EE-426F-87B0-55C10228B579}.Debug|Mixed Platforms.ActiveCfg = Debug|Any CPU
		{5D42E2DE-F5EE-426F-87B0-55C10228B579}.Debug|Mixed Platforms.Build.0 = Debug|Any CPU
		{5D42E2DE-F5EE-426F-87B0-55C10228B579}.Debug|x86.ActiveCfg = Debug|Any CPU
		{5D42E2DE-F5EE-426F-87B0-55C10228B579}.Release|Any CPU.ActiveCfg = Release|Any CPU
		{5D42E2DE-F5EE-426F-87B0-55C10228B579}.Release|Any CPU.Build.0 = Release|Any CPU
		{5D42E2DE-F5EE-426F-87B0-55C10228B579}.Release|Mixed Platforms.ActiveCfg = Release|Any CPU
		{5D42E2DE-F5EE-426F-87B0-55C10228B579}.Release|Mixed Platforms.Build.0 = Release|Any CPU
		{5D42E2DE-F5EE-426F-87B0-55C10228B579}.Release|x86.ActiveCfg = Release|Any CPU
		{E4A3351F-1448-4807-A037-0394B32FC82F}.Debug|Any CPU.ActiveCfg = Debug|Any CPU
		{E4A3351F-1448-4807-A037-0394B32FC82F}.Debug|Any CPU.Build.0 = Debug|Any CPU
		{E4A3351F-1448-4807-A037-0394B32FC82F}.Debug|Mixed Platforms.ActiveCfg = Debug|Any CPU
		{E4A3351F-1448-4807-A037-0394B32FC82F}.Debug|Mixed Platforms.Build.0 = Debug|Any CPU
		{E4A3351F-1448-4807-A037-0394B32FC82F}.Debug|x86.ActiveCfg = Debug|Any CPU
		{E4A3351F-1448-4807-A037-0394B32FC82F}.Release|Any CPU.ActiveCfg = Release|Any CPU
		{E4A3351F-1448-4807-A037-0394B32FC82F}.Release|Any CPU.Build.0 = Release|Any CPU
		{E4A3351F-1448-4807-A037-0394B32FC82F}.Release|Mixed Platforms.ActiveCfg = Release|Any CPU
		{E4A3351F-1448-4807-A037-0394B32FC82F}.Release|Mixed Platforms.Build.0 = Release|Any CPU
		{E4A3351F-1448-4807-A037-0394B32FC82F}.Release|x86.ActiveCfg = Release|Any CPU
		{61CCF807-30EF-418C-9470-766FFD0F287A}.Debug|Any CPU.ActiveCfg = Debug|x86
		{61CCF807-30EF-418C-9470-766FFD0F287A}.Debug|Mixed Platforms.ActiveCfg = Debug|x86
		{61CCF807-30EF-418C-9470-766FFD0F287A}.Debug|Mixed Platforms.Build.0 = Debug|x86
		{61CCF807-30EF-418C-9470-766FFD0F287A}.Debug|x86.ActiveCfg = Debug|x86
		{61CCF807-30EF-418C-9470-766FFD0F287A}.Debug|x86.Build.0 = Debug|x86
		{61CCF807-30EF-418C-9470-766FFD0F287A}.Release|Any CPU.ActiveCfg = Release|x86
		{61CCF807-30EF-418C-9470-766FFD0F287A}.Release|Mixed Platforms.ActiveCfg = Release|x86
		{61CCF807-30EF-418C-9470-766FFD0F287A}.Release|Mixed Platforms.Build.0 = Release|x86
		{61CCF807-30EF-418C-9470-766FFD0F287A}.Release|x86.ActiveCfg = Release|x86
		{61CCF807-30EF-418C-9470-766FFD0F287A}.Release|x86.Build.0 = Release|x86
		{69B1B42B-DDFD-4603-BEB2-310CF52C73E6}.Debug|Any CPU.ActiveCfg = Debug|Any CPU
		{69B1B42B-DDFD-4603-BEB2-310CF52C73E6}.Debug|Any CPU.Build.0 = Debug|Any CPU
		{69B1B42B-DDFD-4603-BEB2-310CF52C73E6}.Debug|Mixed Platforms.ActiveCfg = Debug|Any CPU
		{69B1B42B-DDFD-4603-BEB2-310CF52C73E6}.Debug|Mixed Platforms.Build.0 = Debug|Any CPU
		{69B1B42B-DDFD-4603-BEB2-310CF52C73E6}.Debug|x86.ActiveCfg = Debug|Any CPU
		{69B1B42B-DDFD-4603-BEB2-310CF52C73E6}.Release|Any CPU.ActiveCfg = Release|Any CPU
		{69B1B42B-DDFD-4603-BEB2-310CF52C73E6}.Release|Any CPU.Build.0 = Release|Any CPU
		{69B1B42B-DDFD-4603-BEB2-310CF52C73E6}.Release|Mixed Platforms.ActiveCfg = Release|Any CPU
		{69B1B42B-DDFD-4603-BEB2-310CF52C73E6}.Release|Mixed Platforms.Build.0 = Release|Any CPU
		{69B1B42B-DDFD-4603-BEB2-310CF52C73E6}.Release|x86.ActiveCfg = Release|Any CPU
		{1AF6C596-42F8-4D4B-8DAB-3267CE8A2126}.Debug|Any CPU.ActiveCfg = Debug|Any CPU
		{1AF6C596-42F8-4D4B-8DAB-3267CE8A2126}.Debug|Any CPU.Build.0 = Debug|Any CPU
		{1AF6C596-42F8-4D4B-8DAB-3267CE8A2126}.Debug|Mixed Platforms.ActiveCfg = Debug|Any CPU
		{1AF6C596-42F8-4D4B-8DAB-3267CE8A2126}.Debug|Mixed Platforms.Build.0 = Debug|Any CPU
		{1AF6C596-42F8-4D4B-8DAB-3267CE8A2126}.Debug|x86.ActiveCfg = Debug|Any CPU
		{1AF6C596-42F8-4D4B-8DAB-3267CE8A2126}.Release|Any CPU.ActiveCfg = Release|Any CPU
		{1AF6C596-42F8-4D4B-8DAB-3267CE8A2126}.Release|Any CPU.Build.0 = Release|Any CPU
		{1AF6C596-42F8-4D4B-8DAB-3267CE8A2126}.Release|Mixed Platforms.ActiveCfg = Release|Any CPU
		{1AF6C596-42F8-4D4B-8DAB-3267CE8A2126}.Release|Mixed Platforms.Build.0 = Release|Any CPU
		{1AF6C596-42F8-4D4B-8DAB-3267CE8A2126}.Release|x86.ActiveCfg = Release|Any CPU
		{FDD49AEC-1458-45D5-9832-F605846DDA11}.Debug|Any CPU.ActiveCfg = Debug|x86
		{FDD49AEC-1458-45D5-9832-F605846DDA11}.Debug|Mixed Platforms.ActiveCfg = Debug|x86
		{FDD49AEC-1458-45D5-9832-F605846DDA11}.Debug|Mixed Platforms.Build.0 = Debug|x86
		{FDD49AEC-1458-45D5-9832-F605846DDA11}.Debug|x86.ActiveCfg = Debug|x86
		{FDD49AEC-1458-45D5-9832-F605846DDA11}.Debug|x86.Build.0 = Debug|x86
		{FDD49AEC-1458-45D5-9832-F605846DDA11}.Release|Any CPU.ActiveCfg = Release|x86
		{FDD49AEC-1458-45D5-9832-F605846DDA11}.Release|Mixed Platforms.ActiveCfg = Release|x86
		{FDD49AEC-1458-45D5-9832-F605846DDA11}.Release|Mixed Platforms.Build.0 = Release|x86
		{FDD49AEC-1458-45D5-9832-F605846DDA11}.Release|x86.ActiveCfg = Release|x86
		{FDD49AEC-1458-45D5-9832-F605846DDA11}.Release|x86.Build.0 = Release|x86
		{F23CFFE3-7E72-48D3-91E4-0DB040627FF2}.Debug|Any CPU.ActiveCfg = Debug|x86
		{F23CFFE3-7E72-48D3-91E4-0DB040627FF2}.Debug|Mixed Platforms.ActiveCfg = Debug|x86
		{F23CFFE3-7E72-48D3-91E4-0DB040627FF2}.Debug|Mixed Platforms.Build.0 = Debug|x86
		{F23CFFE3-7E72-48D3-91E4-0DB040627FF2}.Debug|x86.ActiveCfg = Debug|x86
		{F23CFFE3-7E72-48D3-91E4-0DB040627FF2}.Debug|x86.Build.0 = Debug|x86
		{F23CFFE3-7E72-48D3-91E4-0DB040627FF2}.Release|Any CPU.ActiveCfg = Release|x86
		{F23CFFE3-7E72-48D3-91E4-0DB040627FF2}.Release|Mixed Platforms.ActiveCfg = Release|x86
		{F23CFFE3-7E72-48D3-91E4-0DB040627FF2}.Release|Mixed Platforms.Build.0 = Release|x86
		{F23CFFE3-7E72-48D3-91E4-0DB040627FF2}.Release|x86.ActiveCfg = Release|x86
		{F23CFFE3-7E72-48D3-91E4-0DB040627FF2}.Release|x86.Build.0 = Release|x86
		{9E24EF10-3FA9-4C9C-A7CD-1DF1EDBC94CD}.Debug|Any CPU.ActiveCfg = Debug|Any CPU
		{9E24EF10-3FA9-4C9C-A7CD-1DF1EDBC94CD}.Debug|Any CPU.Build.0 = Debug|Any CPU
		{9E24EF10-3FA9-4C9C-A7CD-1DF1EDBC94CD}.Debug|Mixed Platforms.ActiveCfg = Debug|Any CPU
		{9E24EF10-3FA9-4C9C-A7CD-1DF1EDBC94CD}.Debug|Mixed Platforms.Build.0 = Debug|Any CPU
		{9E24EF10-3FA9-4C9C-A7CD-1DF1EDBC94CD}.Debug|x86.ActiveCfg = Debug|Any CPU
		{9E24EF10-3FA9-4C9C-A7CD-1DF1EDBC94CD}.Release|Any CPU.ActiveCfg = Release|Any CPU
		{9E24EF10-3FA9-4C9C-A7CD-1DF1EDBC94CD}.Release|Any CPU.Build.0 = Release|Any CPU
		{9E24EF10-3FA9-4C9C-A7CD-1DF1EDBC94CD}.Release|Mixed Platforms.ActiveCfg = Release|Any CPU
		{9E24EF10-3FA9-4C9C-A7CD-1DF1EDBC94CD}.Release|Mixed Platforms.Build.0 = Release|Any CPU
		{9E24EF10-3FA9-4C9C-A7CD-1DF1EDBC94CD}.Release|x86.ActiveCfg = Release|Any CPU
		{4883121E-97CF-4A60-A0E3-E3EB49CD6183}.Debug|Any CPU.ActiveCfg = Debug|Any CPU
		{4883121E-97CF-4A60-A0E3-E3EB49CD6183}.Debug|Any CPU.Build.0 = Debug|Any CPU
		{4883121E-97CF-4A60-A0E3-E3EB49CD6183}.Debug|Mixed Platforms.ActiveCfg = Debug|Any CPU
		{4883121E-97CF-4A60-A0E3-E3EB49CD6183}.Debug|Mixed Platforms.Build.0 = Debug|Any CPU
		{4883121E-97CF-4A60-A0E3-E3EB49CD6183}.Debug|x86.ActiveCfg = Debug|Any CPU
		{4883121E-97CF-4A60-A0E3-E3EB49CD6183}.Release|Any CPU.ActiveCfg = Release|Any CPU
		{4883121E-97CF-4A60-A0E3-E3EB49CD6183}.Release|Any CPU.Build.0 = Release|Any CPU
		{4883121E-97CF-4A60-A0E3-E3EB49CD6183}.Release|Mixed Platforms.ActiveCfg = Release|Any CPU
		{4883121E-97CF-4A60-A0E3-E3EB49CD6183}.Release|Mixed Platforms.Build.0 = Release|Any CPU
		{4883121E-97CF-4A60-A0E3-E3EB49CD6183}.Release|x86.ActiveCfg = Release|Any CPU
		{04C2F75F-216B-4DD3-BEB8-F650335DC548}.Debug|Any CPU.ActiveCfg = Debug|x86
		{04C2F75F-216B-4DD3-BEB8-F650335DC548}.Debug|Mixed Platforms.ActiveCfg = Debug|x86
		{04C2F75F-216B-4DD3-BEB8-F650335DC548}.Debug|Mixed Platforms.Build.0 = Debug|x86
		{04C2F75F-216B-4DD3-BEB8-F650335DC548}.Debug|x86.ActiveCfg = Debug|x86
		{04C2F75F-216B-4DD3-BEB8-F650335DC548}.Debug|x86.Build.0 = Debug|x86
		{04C2F75F-216B-4DD3-BEB8-F650335DC548}.Release|Any CPU.ActiveCfg = Release|x86
		{04C2F75F-216B-4DD3-BEB8-F650335DC548}.Release|Mixed Platforms.ActiveCfg = Release|x86
		{04C2F75F-216B-4DD3-BEB8-F650335DC548}.Release|Mixed Platforms.Build.0 = Release|x86
		{04C2F75F-216B-4DD3-BEB8-F650335DC548}.Release|x86.ActiveCfg = Release|x86
		{04C2F75F-216B-4DD3-BEB8-F650335DC548}.Release|x86.Build.0 = Release|x86
		{702768A8-CDEC-492B-A3C9-FBC4E5441ADF}.Debug|Any CPU.ActiveCfg = Debug|Any CPU
		{702768A8-CDEC-492B-A3C9-FBC4E5441ADF}.Debug|Any CPU.Build.0 = Debug|Any CPU
		{702768A8-CDEC-492B-A3C9-FBC4E5441ADF}.Debug|Mixed Platforms.ActiveCfg = Debug|Any CPU
		{702768A8-CDEC-492B-A3C9-FBC4E5441ADF}.Debug|Mixed Platforms.Build.0 = Debug|Any CPU
		{702768A8-CDEC-492B-A3C9-FBC4E5441ADF}.Debug|x86.ActiveCfg = Debug|Any CPU
		{702768A8-CDEC-492B-A3C9-FBC4E5441ADF}.Release|Any CPU.ActiveCfg = Release|Any CPU
		{702768A8-CDEC-492B-A3C9-FBC4E5441ADF}.Release|Any CPU.Build.0 = Release|Any CPU
		{702768A8-CDEC-492B-A3C9-FBC4E5441ADF}.Release|Mixed Platforms.ActiveCfg = Release|Any CPU
		{702768A8-CDEC-492B-A3C9-FBC4E5441ADF}.Release|Mixed Platforms.Build.0 = Release|Any CPU
		{702768A8-CDEC-492B-A3C9-FBC4E5441ADF}.Release|x86.ActiveCfg = Release|Any CPU
		{E9FE7518-A058-4CDB-9BD0-A6FCD30BC12B}.Debug|Any CPU.ActiveCfg = Debug|Any CPU
		{E9FE7518-A058-4CDB-9BD0-A6FCD30BC12B}.Debug|Any CPU.Build.0 = Debug|Any CPU
		{E9FE7518-A058-4CDB-9BD0-A6FCD30BC12B}.Debug|Mixed Platforms.ActiveCfg = Debug|Any CPU
		{E9FE7518-A058-4CDB-9BD0-A6FCD30BC12B}.Debug|Mixed Platforms.Build.0 = Debug|Any CPU
		{E9FE7518-A058-4CDB-9BD0-A6FCD30BC12B}.Debug|x86.ActiveCfg = Debug|Any CPU
		{E9FE7518-A058-4CDB-9BD0-A6FCD30BC12B}.Release|Any CPU.ActiveCfg = Release|Any CPU
		{E9FE7518-A058-4CDB-9BD0-A6FCD30BC12B}.Release|Any CPU.Build.0 = Release|Any CPU
		{E9FE7518-A058-4CDB-9BD0-A6FCD30BC12B}.Release|Mixed Platforms.ActiveCfg = Release|Any CPU
		{E9FE7518-A058-4CDB-9BD0-A6FCD30BC12B}.Release|Mixed Platforms.Build.0 = Release|Any CPU
		{E9FE7518-A058-4CDB-9BD0-A6FCD30BC12B}.Release|x86.ActiveCfg = Release|Any CPU
		{ACA6A75B-3146-4E18-9C85-03E9AE5FDA47}.Debug|Any CPU.ActiveCfg = Debug|x86
		{ACA6A75B-3146-4E18-9C85-03E9AE5FDA47}.Debug|Mixed Platforms.ActiveCfg = Debug|x86
		{ACA6A75B-3146-4E18-9C85-03E9AE5FDA47}.Debug|Mixed Platforms.Build.0 = Debug|x86
		{ACA6A75B-3146-4E18-9C85-03E9AE5FDA47}.Debug|x86.ActiveCfg = Debug|x86
		{ACA6A75B-3146-4E18-9C85-03E9AE5FDA47}.Debug|x86.Build.0 = Debug|x86
		{ACA6A75B-3146-4E18-9C85-03E9AE5FDA47}.Release|Any CPU.ActiveCfg = Release|x86
		{ACA6A75B-3146-4E18-9C85-03E9AE5FDA47}.Release|Mixed Platforms.ActiveCfg = Release|x86
		{ACA6A75B-3146-4E18-9C85-03E9AE5FDA47}.Release|Mixed Platforms.Build.0 = Release|x86
		{ACA6A75B-3146-4E18-9C85-03E9AE5FDA47}.Release|x86.ActiveCfg = Release|x86
		{ACA6A75B-3146-4E18-9C85-03E9AE5FDA47}.Release|x86.Build.0 = Release|x86
		{65258741-0D51-4B94-8F9C-394098A97155}.Debug|Any CPU.ActiveCfg = Debug|x86
		{65258741-0D51-4B94-8F9C-394098A97155}.Debug|Mixed Platforms.ActiveCfg = Debug|x86
		{65258741-0D51-4B94-8F9C-394098A97155}.Debug|Mixed Platforms.Build.0 = Debug|x86
		{65258741-0D51-4B94-8F9C-394098A97155}.Debug|x86.ActiveCfg = Debug|x86
		{65258741-0D51-4B94-8F9C-394098A97155}.Debug|x86.Build.0 = Debug|x86
		{65258741-0D51-4B94-8F9C-394098A97155}.Release|Any CPU.ActiveCfg = Release|x86
		{65258741-0D51-4B94-8F9C-394098A97155}.Release|Mixed Platforms.ActiveCfg = Release|x86
		{65258741-0D51-4B94-8F9C-394098A97155}.Release|Mixed Platforms.Build.0 = Release|x86
		{65258741-0D51-4B94-8F9C-394098A97155}.Release|x86.ActiveCfg = Release|x86
		{65258741-0D51-4B94-8F9C-394098A97155}.Release|x86.Build.0 = Release|x86
		{080828F4-1887-49D6-85EC-3637E7C242FB}.Debug|Any CPU.ActiveCfg = Debug|Any CPU
		{080828F4-1887-49D6-85EC-3637E7C242FB}.Debug|Any CPU.Build.0 = Debug|Any CPU
		{080828F4-1887-49D6-85EC-3637E7C242FB}.Debug|Mixed Platforms.ActiveCfg = Debug|Any CPU
		{080828F4-1887-49D6-85EC-3637E7C242FB}.Debug|Mixed Platforms.Build.0 = Debug|Any CPU
		{080828F4-1887-49D6-85EC-3637E7C242FB}.Debug|x86.ActiveCfg = Debug|Any CPU
		{080828F4-1887-49D6-85EC-3637E7C242FB}.Release|Any CPU.ActiveCfg = Release|Any CPU
		{080828F4-1887-49D6-85EC-3637E7C242FB}.Release|Any CPU.Build.0 = Release|Any CPU
		{080828F4-1887-49D6-85EC-3637E7C242FB}.Release|Mixed Platforms.ActiveCfg = Release|Any CPU
		{080828F4-1887-49D6-85EC-3637E7C242FB}.Release|Mixed Platforms.Build.0 = Release|Any CPU
		{080828F4-1887-49D6-85EC-3637E7C242FB}.Release|x86.ActiveCfg = Release|Any CPU
		{877DDDBD-4893-4F68-8202-0249C8773EDC}.Debug|Any CPU.ActiveCfg = Debug|Any CPU
		{877DDDBD-4893-4F68-8202-0249C8773EDC}.Debug|Any CPU.Build.0 = Debug|Any CPU
		{877DDDBD-4893-4F68-8202-0249C8773EDC}.Debug|Mixed Platforms.ActiveCfg = Debug|Any CPU
		{877DDDBD-4893-4F68-8202-0249C8773EDC}.Debug|Mixed Platforms.Build.0 = Debug|Any CPU
		{877DDDBD-4893-4F68-8202-0249C8773EDC}.Debug|x86.ActiveCfg = Debug|Any CPU
		{877DDDBD-4893-4F68-8202-0249C8773EDC}.Release|Any CPU.ActiveCfg = Release|Any CPU
		{877DDDBD-4893-4F68-8202-0249C8773EDC}.Release|Any CPU.Build.0 = Release|Any CPU
		{877DDDBD-4893-4F68-8202-0249C8773EDC}.Release|Mixed Platforms.ActiveCfg = Release|Any CPU
		{877DDDBD-4893-4F68-8202-0249C8773EDC}.Release|Mixed Platforms.Build.0 = Release|Any CPU
		{877DDDBD-4893-4F68-8202-0249C8773EDC}.Release|x86.ActiveCfg = Release|Any CPU
		{C31FA4D5-6C6E-42E0-BFA7-DFA4F579F70D}.Debug|Any CPU.ActiveCfg = Debug|x86
		{C31FA4D5-6C6E-42E0-BFA7-DFA4F579F70D}.Debug|Mixed Platforms.ActiveCfg = Debug|x86
		{C31FA4D5-6C6E-42E0-BFA7-DFA4F579F70D}.Debug|Mixed Platforms.Build.0 = Debug|x86
		{C31FA4D5-6C6E-42E0-BFA7-DFA4F579F70D}.Debug|x86.ActiveCfg = Debug|x86
		{C31FA4D5-6C6E-42E0-BFA7-DFA4F579F70D}.Debug|x86.Build.0 = Debug|x86
		{C31FA4D5-6C6E-42E0-BFA7-DFA4F579F70D}.Release|Any CPU.ActiveCfg = Release|x86
		{C31FA4D5-6C6E-42E0-BFA7-DFA4F579F70D}.Release|Mixed Platforms.ActiveCfg = Release|x86
		{C31FA4D5-6C6E-42E0-BFA7-DFA4F579F70D}.Release|Mixed Platforms.Build.0 = Release|x86
		{C31FA4D5-6C6E-42E0-BFA7-DFA4F579F70D}.Release|x86.ActiveCfg = Release|x86
		{C31FA4D5-6C6E-42E0-BFA7-DFA4F579F70D}.Release|x86.Build.0 = Release|x86
		{14A399FA-9EFB-418E-BA25-1ADAED94653C}.Debug|Any CPU.ActiveCfg = Debug|Any CPU
		{14A399FA-9EFB-418E-BA25-1ADAED94653C}.Debug|Any CPU.Build.0 = Debug|Any CPU
		{14A399FA-9EFB-418E-BA25-1ADAED94653C}.Debug|Mixed Platforms.ActiveCfg = Debug|Any CPU
		{14A399FA-9EFB-418E-BA25-1ADAED94653C}.Debug|Mixed Platforms.Build.0 = Debug|Any CPU
		{14A399FA-9EFB-418E-BA25-1ADAED94653C}.Debug|x86.ActiveCfg = Debug|Any CPU
		{14A399FA-9EFB-418E-BA25-1ADAED94653C}.Release|Any CPU.ActiveCfg = Release|Any CPU
		{14A399FA-9EFB-418E-BA25-1ADAED94653C}.Release|Any CPU.Build.0 = Release|Any CPU
		{14A399FA-9EFB-418E-BA25-1ADAED94653C}.Release|Mixed Platforms.ActiveCfg = Release|Any CPU
		{14A399FA-9EFB-418E-BA25-1ADAED94653C}.Release|Mixed Platforms.Build.0 = Release|Any CPU
		{14A399FA-9EFB-418E-BA25-1ADAED94653C}.Release|x86.ActiveCfg = Release|Any CPU
		{6D0F479D-01D2-4D13-AE36-F87315CFA183}.Debug|Any CPU.ActiveCfg = Debug|Any CPU
		{6D0F479D-01D2-4D13-AE36-F87315CFA183}.Debug|Any CPU.Build.0 = Debug|Any CPU
		{6D0F479D-01D2-4D13-AE36-F87315CFA183}.Debug|Mixed Platforms.ActiveCfg = Debug|Any CPU
		{6D0F479D-01D2-4D13-AE36-F87315CFA183}.Debug|Mixed Platforms.Build.0 = Debug|Any CPU
		{6D0F479D-01D2-4D13-AE36-F87315CFA183}.Debug|x86.ActiveCfg = Debug|Any CPU
		{6D0F479D-01D2-4D13-AE36-F87315CFA183}.Release|Any CPU.ActiveCfg = Release|Any CPU
		{6D0F479D-01D2-4D13-AE36-F87315CFA183}.Release|Any CPU.Build.0 = Release|Any CPU
		{6D0F479D-01D2-4D13-AE36-F87315CFA183}.Release|Mixed Platforms.ActiveCfg = Release|Any CPU
		{6D0F479D-01D2-4D13-AE36-F87315CFA183}.Release|Mixed Platforms.Build.0 = Release|Any CPU
		{6D0F479D-01D2-4D13-AE36-F87315CFA183}.Release|x86.ActiveCfg = Release|Any CPU
		{593C0A2A-4DA1-4EE8-9C3C-7733B2AC7526}.Debug|Any CPU.ActiveCfg = Debug|x86
		{593C0A2A-4DA1-4EE8-9C3C-7733B2AC7526}.Debug|Mixed Platforms.ActiveCfg = Debug|x86
		{593C0A2A-4DA1-4EE8-9C3C-7733B2AC7526}.Debug|Mixed Platforms.Build.0 = Debug|x86
		{593C0A2A-4DA1-4EE8-9C3C-7733B2AC7526}.Debug|x86.ActiveCfg = Debug|x86
		{593C0A2A-4DA1-4EE8-9C3C-7733B2AC7526}.Debug|x86.Build.0 = Debug|x86
		{593C0A2A-4DA1-4EE8-9C3C-7733B2AC7526}.Release|Any CPU.ActiveCfg = Release|x86
		{593C0A2A-4DA1-4EE8-9C3C-7733B2AC7526}.Release|Mixed Platforms.ActiveCfg = Release|x86
		{593C0A2A-4DA1-4EE8-9C3C-7733B2AC7526}.Release|Mixed Platforms.Build.0 = Release|x86
		{593C0A2A-4DA1-4EE8-9C3C-7733B2AC7526}.Release|x86.ActiveCfg = Release|x86
		{593C0A2A-4DA1-4EE8-9C3C-7733B2AC7526}.Release|x86.Build.0 = Release|x86
		{FDA81B48-A98B-46DF-B4CF-6CB9CEBDE225}.Debug|Any CPU.ActiveCfg = Debug|Any CPU
		{FDA81B48-A98B-46DF-B4CF-6CB9CEBDE225}.Debug|Any CPU.Build.0 = Debug|Any CPU
		{FDA81B48-A98B-46DF-B4CF-6CB9CEBDE225}.Debug|Mixed Platforms.ActiveCfg = Debug|Any CPU
		{FDA81B48-A98B-46DF-B4CF-6CB9CEBDE225}.Debug|Mixed Platforms.Build.0 = Debug|Any CPU
		{FDA81B48-A98B-46DF-B4CF-6CB9CEBDE225}.Debug|x86.ActiveCfg = Debug|Any CPU
		{FDA81B48-A98B-46DF-B4CF-6CB9CEBDE225}.Release|Any CPU.ActiveCfg = Release|Any CPU
		{FDA81B48-A98B-46DF-B4CF-6CB9CEBDE225}.Release|Any CPU.Build.0 = Release|Any CPU
		{FDA81B48-A98B-46DF-B4CF-6CB9CEBDE225}.Release|Mixed Platforms.ActiveCfg = Release|Any CPU
		{FDA81B48-A98B-46DF-B4CF-6CB9CEBDE225}.Release|Mixed Platforms.Build.0 = Release|Any CPU
		{FDA81B48-A98B-46DF-B4CF-6CB9CEBDE225}.Release|x86.ActiveCfg = Release|Any CPU
		{9988804A-B4A0-4182-9292-42FA419AE2DD}.Debug|Any CPU.ActiveCfg = Debug|Any CPU
		{9988804A-B4A0-4182-9292-42FA419AE2DD}.Debug|Any CPU.Build.0 = Debug|Any CPU
		{9988804A-B4A0-4182-9292-42FA419AE2DD}.Debug|Mixed Platforms.ActiveCfg = Debug|Any CPU
		{9988804A-B4A0-4182-9292-42FA419AE2DD}.Debug|Mixed Platforms.Build.0 = Debug|Any CPU
		{9988804A-B4A0-4182-9292-42FA419AE2DD}.Debug|x86.ActiveCfg = Debug|Any CPU
		{9988804A-B4A0-4182-9292-42FA419AE2DD}.Release|Any CPU.ActiveCfg = Release|Any CPU
		{9988804A-B4A0-4182-9292-42FA419AE2DD}.Release|Any CPU.Build.0 = Release|Any CPU
		{9988804A-B4A0-4182-9292-42FA419AE2DD}.Release|Mixed Platforms.ActiveCfg = Release|Any CPU
		{9988804A-B4A0-4182-9292-42FA419AE2DD}.Release|Mixed Platforms.Build.0 = Release|Any CPU
		{9988804A-B4A0-4182-9292-42FA419AE2DD}.Release|x86.ActiveCfg = Release|Any CPU
		{5C036BA2-B991-443F-9FEA-79C784CB481F}.Debug|Any CPU.ActiveCfg = Debug|x86
		{5C036BA2-B991-443F-9FEA-79C784CB481F}.Debug|Mixed Platforms.ActiveCfg = Debug|x86
		{5C036BA2-B991-443F-9FEA-79C784CB481F}.Debug|Mixed Platforms.Build.0 = Debug|x86
		{5C036BA2-B991-443F-9FEA-79C784CB481F}.Debug|x86.ActiveCfg = Debug|x86
		{5C036BA2-B991-443F-9FEA-79C784CB481F}.Debug|x86.Build.0 = Debug|x86
		{5C036BA2-B991-443F-9FEA-79C784CB481F}.Release|Any CPU.ActiveCfg = Release|x86
		{5C036BA2-B991-443F-9FEA-79C784CB481F}.Release|Mixed Platforms.ActiveCfg = Release|x86
		{5C036BA2-B991-443F-9FEA-79C784CB481F}.Release|Mixed Platforms.Build.0 = Release|x86
		{5C036BA2-B991-443F-9FEA-79C784CB481F}.Release|x86.ActiveCfg = Release|x86
		{5C036BA2-B991-443F-9FEA-79C784CB481F}.Release|x86.Build.0 = Release|x86
		{681D8C9E-1D7E-442F-B296-DEFD21922E9A}.Debug|Any CPU.ActiveCfg = Debug|Any CPU
		{681D8C9E-1D7E-442F-B296-DEFD21922E9A}.Debug|Any CPU.Build.0 = Debug|Any CPU
		{681D8C9E-1D7E-442F-B296-DEFD21922E9A}.Debug|Mixed Platforms.ActiveCfg = Debug|Any CPU
		{681D8C9E-1D7E-442F-B296-DEFD21922E9A}.Debug|Mixed Platforms.Build.0 = Debug|Any CPU
		{681D8C9E-1D7E-442F-B296-DEFD21922E9A}.Debug|x86.ActiveCfg = Debug|Any CPU
		{681D8C9E-1D7E-442F-B296-DEFD21922E9A}.Release|Any CPU.ActiveCfg = Release|Any CPU
		{681D8C9E-1D7E-442F-B296-DEFD21922E9A}.Release|Any CPU.Build.0 = Release|Any CPU
		{681D8C9E-1D7E-442F-B296-DEFD21922E9A}.Release|Mixed Platforms.ActiveCfg = Release|Any CPU
		{681D8C9E-1D7E-442F-B296-DEFD21922E9A}.Release|Mixed Platforms.Build.0 = Release|Any CPU
		{681D8C9E-1D7E-442F-B296-DEFD21922E9A}.Release|x86.ActiveCfg = Release|Any CPU
		{2827C4A5-61C6-4F04-A44E-2E167DB0D595}.Debug|Any CPU.ActiveCfg = Debug|Any CPU
		{2827C4A5-61C6-4F04-A44E-2E167DB0D595}.Debug|Any CPU.Build.0 = Debug|Any CPU
		{2827C4A5-61C6-4F04-A44E-2E167DB0D595}.Debug|Mixed Platforms.ActiveCfg = Debug|Any CPU
		{2827C4A5-61C6-4F04-A44E-2E167DB0D595}.Debug|Mixed Platforms.Build.0 = Debug|Any CPU
		{2827C4A5-61C6-4F04-A44E-2E167DB0D595}.Debug|x86.ActiveCfg = Debug|Any CPU
		{2827C4A5-61C6-4F04-A44E-2E167DB0D595}.Release|Any CPU.ActiveCfg = Release|Any CPU
		{2827C4A5-61C6-4F04-A44E-2E167DB0D595}.Release|Any CPU.Build.0 = Release|Any CPU
		{2827C4A5-61C6-4F04-A44E-2E167DB0D595}.Release|Mixed Platforms.ActiveCfg = Release|Any CPU
		{2827C4A5-61C6-4F04-A44E-2E167DB0D595}.Release|Mixed Platforms.Build.0 = Release|Any CPU
		{2827C4A5-61C6-4F04-A44E-2E167DB0D595}.Release|x86.ActiveCfg = Release|Any CPU
		{A5649C7E-6338-4CC1-ACDD-355FFB7C2FC0}.Debug|Any CPU.ActiveCfg = Debug|x86
		{A5649C7E-6338-4CC1-ACDD-355FFB7C2FC0}.Debug|Mixed Platforms.ActiveCfg = Debug|x86
		{A5649C7E-6338-4CC1-ACDD-355FFB7C2FC0}.Debug|Mixed Platforms.Build.0 = Debug|x86
		{A5649C7E-6338-4CC1-ACDD-355FFB7C2FC0}.Debug|x86.ActiveCfg = Debug|x86
		{A5649C7E-6338-4CC1-ACDD-355FFB7C2FC0}.Debug|x86.Build.0 = Debug|x86
		{A5649C7E-6338-4CC1-ACDD-355FFB7C2FC0}.Release|Any CPU.ActiveCfg = Release|x86
		{A5649C7E-6338-4CC1-ACDD-355FFB7C2FC0}.Release|Mixed Platforms.ActiveCfg = Release|x86
		{A5649C7E-6338-4CC1-ACDD-355FFB7C2FC0}.Release|Mixed Platforms.Build.0 = Release|x86
		{A5649C7E-6338-4CC1-ACDD-355FFB7C2FC0}.Release|x86.ActiveCfg = Release|x86
		{A5649C7E-6338-4CC1-ACDD-355FFB7C2FC0}.Release|x86.Build.0 = Release|x86
	EndGlobalSection
	GlobalSection(SolutionProperties) = preSolution
		HideSolutionNode = FALSE
	EndGlobalSection
EndGlobal
